
Microsoft Visual Studio Solution File, Format Version 12.00
# Visual Studio Version 17
VisualStudioVersion = 17.3.32901.215
MinimumVisualStudioVersion = 10.0.40219.1
Project("{FAE04EC0-301F-11D3-BF4B-00C04F79EFBC}") = "Lottospelet", "Lottospelet\Lottospelet.csproj", "{6F56E0E6-3259-471C-B014-2963AF64157D}"
EndProject
Global
	GlobalSection(SolutionConfigurationPlatforms) = preSolution
		Debug|Any CPU = Debug|Any CPU
		Release|Any CPU = Release|Any CPU
	EndGlobalSection
	GlobalSection(ProjectConfigurationPlatforms) = postSolution
		{6F56E0E6-3259-471C-B014-2963AF64157D}.Debug|Any CPU.ActiveCfg = Debug|Any CPU
		{6F56E0E6-3259-471C-B014-2963AF64157D}.Debug|Any CPU.Build.0 = Debug|Any CPU
		{6F56E0E6-3259-471C-B014-2963AF64157D}.Release|Any CPU.ActiveCfg = Release|Any CPU
		{6F56E0E6-3259-471C-B014-2963AF64157D}.Release|Any CPU.Build.0 = Release|Any CPU
	EndGlobalSection
	GlobalSection(SolutionProperties) = preSolution
		HideSolutionNode = FALSE
	EndGlobalSection
	GlobalSection(ExtensibilityGlobals) = postSolution
		SolutionGuid = {9937F830-867E-464C-906A-A1F4A0EA2594}
	EndGlobalSection
EndGlobal
